
Microsoft Visual Studio Solution File, Format Version 12.00
# Visual Studio Version 17
VisualStudioVersion = 17.9.34728.123
MinimumVisualStudioVersion = 10.0.40219.1
Project("{FAE04EC0-301F-11D3-BF4B-00C04F79EFBC}") = "ParallelProcessing", "ParallelProcessing.csproj", "{B789AD7D-0A6B-41F9-8B43-B9C6142CCBBE}"
EndProject
Global
	GlobalSection(SolutionConfigurationPlatforms) = preSolution
		Debug|Any CPU = Debug|Any CPU
		Release|Any CPU = Release|Any CPU
	EndGlobalSection
	GlobalSection(ProjectConfigurationPlatforms) = postSolution
		{B789AD7D-0A6B-41F9-8B43-B9C6142CCBBE}.Debug|Any CPU.ActiveCfg = Debug|Any CPU
		{B789AD7D-0A6B-41F9-8B43-B9C6142CCBBE}.Debug|Any CPU.Build.0 = Debug|Any CPU
		{B789AD7D-0A6B-41F9-8B43-B9C6142CCBBE}.Release|Any CPU.ActiveCfg = Release|Any CPU
		{B789AD7D-0A6B-41F9-8B43-B9C6142CCBBE}.Release|Any CPU.Build.0 = Release|Any CPU
	EndGlobalSection
	GlobalSection(SolutionProperties) = preSolution
		HideSolutionNode = FALSE
	EndGlobalSection
	GlobalSection(ExtensibilityGlobals) = postSolution
		SolutionGuid = {90E9A6D4-4104-4C2A-B9E8-1364F4E8F612}
	EndGlobalSection
EndGlobal
